github.com/google/shlex v0.0.0-20191202100458-e7afc7fbc510 h1:El6M4kTTCOh6aBiKaUGG7oYTSPP8MxqL4YI3kZKwcP4=
github.com/google/shlex v0.0.0-20191202100458-e7afc7fbc510/go.mod h1:pupxD2MaaD3pAXIBCelhxNneeOaAeabZDe5s4K6zSpQ=
golang.org/x/exp v0.0.0-20230905200255-921286631fa9 h1:GoHiUyI/Tp2nVkLI2mCxVkOjsbSXD66ic0XW0js0R9g=
golang.org/x/exp v0.0.0-20230905200255-921286631fa9/go.mod h1:S2oDrQGGwySpoQPVqRShND87VCbxmc6bL1Yd2oYrm6k=
tinygo.org/x/drivers v0.27.0 h1:TEGk1lQvEhXxfvpEhUu+pwmCnhtldPI+hpHlO9VYixI=
tinygo.org/x/drivers v0.27.0/go.mod h1:q/mU8G/wz821p8xXqbkBACOlmZFDHXd//DnYnCW+dDQ=
tinygo.org/x/drivers v0.35.0 h1:cTK36tsI/S4Mg3hCPH0MBjV/ta7XKQ+wpvch4mVqgsE=
tinygo.org/x/drivers v0.35.0/go.mod h1:DQgKyHkB4G6IEOKVTAjApbKnWGwESN91EVJO+nMOE9Y=
